version = 1
revision = 2
requires-python = "==3.13.*"

[[package]]
name = "cfgv"
version = "3.4.0"
source = { registry = "https://pypi.org/simple" }
sdist = { url = "https://files.pythonhosted.org/packages/source/c/cfgv/cfgv-3.4.0.tar.gz" }

[[package]]
name = "distlib"
version = "0.4.0"
source = { registry = "https://pypi.org/simple" }
sdist = { url = "https://files.pythonhosted.org/packages/source/d/distlib/distlib-0.4.0.tar.gz" }

[[package]]
name = "filelock"
version = "3.20.3"
source = { registry = "https://pypi.org/simple" }
sdist = { url = "https://files.pythonhosted.org/packages/source/f/filelock/filelock-3.20.3.tar.gz" }

[[package]]
name = "identify"
version = "2.6.15"
source = { registry = "https://pypi.org/simple" }
sdist = { url = "https://files.pythonhosted.org/packages/source/i/identify/identify-2.6.15.tar.gz" }

[[package]]
name = "iniconfig"
version = "2.3.0"
source = { registry = "https://pypi.org/simple" }
sdist = { url = "https://files.pythonhosted.org/packages/source/i/iniconfig/iniconfig-2.3.0.tar.gz" }

[[package]]
name = "nodeenv"
version = "1.10.0"
source = { registry = "https://pypi.org/simple" }
sdist = { url = "https://files.pythonhosted.org/packages/source/n/nodeenv/nodeenv-1.10.0.tar.gz" }

[[package]]
name = "packaging"
version = "25.0"
source = { registry = "https://pypi.org/simple" }
sdist = { url = "https://files.pythonhosted.org/packages/source/p/packaging/packaging-25.0.tar.gz" }

[[package]]
name = "platformdirs"
version = "4.5.1"
source = { registry = "https://pypi.org/simple" }
sdist = { url = "https://files.pythonhosted.org/packages/source/p/platformdirs/platformdirs-4.5.1.tar.gz" }

[[package]]
name = "pluggy"
version = "1.6.0"
source = { registry = "https://pypi.org/simple" }
sdist = { url = "https://files.pythonhosted.org/packages/source/p/pluggy/pluggy-1.6.0.tar.gz" }

[[package]]
name = "pre-commit"
version = "4.5.0"
source = { registry = "https://pypi.org/simple" }
dependencies = [
    { name = "cfgv" },
    { name = "identify" },
    { name = "nodeenv" },
    { name = "pyyaml" },
    { name = "virtualenv" },
]
sdist = { url = "https://files.pythonhosted.org/packages/source/p/pre_commit/pre_commit-4.5.0.tar.gz" }

[[package]]
name = "pygments"
version = "2.19.2"
source = { registry = "https://pypi.org/simple" }
sdist = { url = "https://files.pythonhosted.org/packages/source/p/pygments/pygments-2.19.2.tar.gz" }

[[package]]
name = "pyright"
version = "1.1.409"
source = { registry = "https://pypi.org/simple" }
dependencies = [
    { name = "nodeenv" },
    { name = "typing-extensions" },
]
sdist = { url = "https://files.pythonhosted.org/packages/source/p/pyright/pyright-1.1.409.tar.gz" }

[[package]]
name = "pytest"
version = "9.0.3"
source = { registry = "https://pypi.org/simple" }
dependencies = [
    { name = "iniconfig" },
    { name = "packaging" },
    { name = "pluggy" },
    { name = "pygments" },
]
sdist = { url = "https://files.pythonhosted.org/packages/source/p/pytest/pytest-9.0.3.tar.gz" }

[[package]]
name = "pyyaml"
version = "6.0.3"
source = { registry = "https://pypi.org/simple" }
sdist = { url = "https://files.pythonhosted.org/packages/source/p/pyyaml/pyyaml-6.0.3.tar.gz" }

[[package]]
name = "quantforge"
version = "0.1.0"
source = { editable = "." }

[package.dev-dependencies]
dev = [
    { name = "pre-commit" },
    { name = "pyright" },
    { name = "pytest" },
    { name = "ruff" },
]

[package.metadata.requires-dev]
dev = [
    { name = "pre-commit", specifier = ">=4.5,<5" },
    { name = "pyright", specifier = ">=1.1.409,<2" },
    { name = "pytest", specifier = ">=9.0.3,<10" },
    { name = "ruff", specifier = ">=0.15.12,<1" },
]

[[package]]
name = "ruff"
version = "0.15.12"
source = { registry = "https://pypi.org/simple" }
sdist = { url = "https://files.pythonhosted.org/packages/source/r/ruff/ruff-0.15.12.tar.gz" }

[[package]]
name = "typing-extensions"
version = "4.15.0"
source = { registry = "https://pypi.org/simple" }
sdist = { url = "https://files.pythonhosted.org/packages/source/t/typing_extensions/typing_extensions-4.15.0.tar.gz" }

[[package]]
name = "virtualenv"
version = "20.35.4"
source = { registry = "https://pypi.org/simple" }
dependencies = [
    { name = "distlib" },
    { name = "filelock" },
    { name = "platformdirs" },
]
sdist = { url = "https://files.pythonhosted.org/packages/source/v/virtualenv/virtualenv-20.35.4.tar.gz" }
